
Microsoft Visual Studio Solution File, Format Version 12.00
# Visual Studio Version 17
VisualStudioVersion = 17.1.32210.238
MinimumVisualStudioVersion = 10.0.40219.1
Project("{9A19103F-16F7-4668-BE54-9A1E7A4F7556}") = "data_input", "1 - data_input\data_input.csproj", "{8C796133-0CF0-44C7-95D1-AF7CCB8689F5}"
EndProject
Project("{9A19103F-16F7-4668-BE54-9A1E7A4F7556}") = "multiplication_table", "2_multiplication_table\multiplication_table.csproj", "{91F6A327-7505-446D-A912-04ED76C7000A}"
EndProject
Project("{9A19103F-16F7-4668-BE54-9A1E7A4F7556}") = "3_name_list", "3_name_list\3_name_list.csproj", "{8AC281E4-F176-4A22-B01E-032D986C7541}"
EndProject
Project("{9A19103F-16F7-4668-BE54-9A1E7A4F7556}") = "4_prime_numbers", "4 - prime_numbers\4_prime_numbers.csproj", "{36269AED-B33E-44CE-9E6B-94D5A3F18384}"
EndProject
Global
	GlobalSection(SolutionConfigurationPlatforms) = preSolution
		Debug|Any CPU = Debug|Any CPU
		Release|Any CPU = Release|Any CPU
	EndGlobalSection
	GlobalSection(ProjectConfigurationPlatforms) = postSolution
		{8C796133-0CF0-44C7-95D1-AF7CCB8689F5}.Debug|Any CPU.ActiveCfg = Debug|Any CPU
		{8C796133-0CF0-44C7-95D1-AF7CCB8689F5}.Debug|Any CPU.Build.0 = Debug|Any CPU
		{8C796133-0CF0-44C7-95D1-AF7CCB8689F5}.Release|Any CPU.ActiveCfg = Release|Any CPU
		{8C796133-0CF0-44C7-95D1-AF7CCB8689F5}.Release|Any CPU.Build.0 = Release|Any CPU
		{91F6A327-7505-446D-A912-04ED76C7000A}.Debug|Any CPU.ActiveCfg = Debug|Any CPU
		{91F6A327-7505-446D-A912-04ED76C7000A}.Debug|Any CPU.Build.0 = Debug|Any CPU
		{91F6A327-7505-446D-A912-04ED76C7000A}.Release|Any CPU.ActiveCfg = Release|Any CPU
		{91F6A327-7505-446D-A912-04ED76C7000A}.Release|Any CPU.Build.0 = Release|Any CPU
		{8AC281E4-F176-4A22-B01E-032D986C7541}.Debug|Any CPU.ActiveCfg = Debug|Any CPU
		{8AC281E4-F176-4A22-B01E-032D986C7541}.Debug|Any CPU.Build.0 = Debug|Any CPU
		{8AC281E4-F176-4A22-B01E-032D986C7541}.Release|Any CPU.ActiveCfg = Release|Any CPU
		{8AC281E4-F176-4A22-B01E-032D986C7541}.Release|Any CPU.Build.0 = Release|Any CPU
		{36269AED-B33E-44CE-9E6B-94D5A3F18384}.Debug|Any CPU.ActiveCfg = Debug|Any CPU
		{36269AED-B33E-44CE-9E6B-94D5A3F18384}.Debug|Any CPU.Build.0 = Debug|Any CPU
		{36269AED-B33E-44CE-9E6B-94D5A3F18384}.Release|Any CPU.ActiveCfg = Release|Any CPU
		{36269AED-B33E-44CE-9E6B-94D5A3F18384}.Release|Any CPU.Build.0 = Release|Any CPU
	EndGlobalSection
	GlobalSection(SolutionProperties) = preSolution
		HideSolutionNode = FALSE
	EndGlobalSection
	GlobalSection(ExtensibilityGlobals) = postSolution
		SolutionGuid = {2D186B77-8D3F-4CF2-B02D-52C4518C33D4}
	EndGlobalSection
EndGlobal
