
Microsoft Visual Studio Solution File, Format Version 12.00
# Visual Studio Version 17
VisualStudioVersion = 17.1.32210.238
MinimumVisualStudioVersion = 10.0.40219.1
Project("{9A19103F-16F7-4668-BE54-9A1E7A4F7556}") = "3_name_list", "3_name_list\3_name_list.csproj", "{8AC281E4-F176-4A22-B01E-032D986C7541}"
EndProject
Project("{9A19103F-16F7-4668-BE54-9A1E7A4F7556}") = "1_data_input", "1_data_input\1_data_input.csproj", "{821CAD5B-6999-482B-BCC3-F35A9F969DB9}"
EndProject
Project("{9A19103F-16F7-4668-BE54-9A1E7A4F7556}") = "2_multiplication_table", "2_multiplication_table\2_multiplication_table.csproj", "{0A06A278-037E-48E9-A976-18A1D9273E64}"
EndProject
Project("{9A19103F-16F7-4668-BE54-9A1E7A4F7556}") = "5_student_form", "5_student_form\5_student_form.csproj", "{8AAECF27-C6C5-40C1-818F-A3C660CAD743}"
EndProject
Project("{9A19103F-16F7-4668-BE54-9A1E7A4F7556}") = "4_prime_numbers", "4_prime_numbers\4_prime_numbers.csproj", "{89870F25-1707-4539-A23E-D3D15C803344}"
EndProject
Project("{9A19103F-16F7-4668-BE54-9A1E7A4F7556}") = "6_calculator", "6_calculator\6_calculator.csproj", "{108023A0-A1DD-448F-AB9D-EF8D2B791B15}"
EndProject
Project("{9A19103F-16F7-4668-BE54-9A1E7A4F7556}") = "7_school_score", "7_school_score\7_school_score.csproj", "{FFA71F9B-7E1C-4A7F-A4DF-3C4928726F20}"
EndProject
Project("{2150E333-8FDC-42A3-9474-1A3956D46DE8}") = "List_1", "List_1", "{3BA1B198-5E5D-4215-A041-C16EF16D6B5B}"
EndProject
Project("{2150E333-8FDC-42A3-9474-1A3956D46DE8}") = "List_2", "List_2", "{0216D09D-CD4F-499F-AC88-ECF45DB01B91}"
EndProject
Project("{FAE04EC0-301F-11D3-BF4B-00C04F79EFBC}") = "user", "user\user.csproj", "{BB0A8028-0486-45E4-900D-D94B9DC6CC90}"
EndProject
Project("{FAE04EC0-301F-11D3-BF4B-00C04F79EFBC}") = "refeições", "refeições\refeições.csproj", "{B1A7787D-0726-43BE-A046-6CE3A3CAFE9F}"
EndProject
Global
	GlobalSection(SolutionConfigurationPlatforms) = preSolution
		Debug|Any CPU = Debug|Any CPU
		Release|Any CPU = Release|Any CPU
	EndGlobalSection
	GlobalSection(ProjectConfigurationPlatforms) = postSolution
		{8AC281E4-F176-4A22-B01E-032D986C7541}.Debug|Any CPU.ActiveCfg = Debug|Any CPU
		{8AC281E4-F176-4A22-B01E-032D986C7541}.Debug|Any CPU.Build.0 = Debug|Any CPU
		{8AC281E4-F176-4A22-B01E-032D986C7541}.Release|Any CPU.ActiveCfg = Release|Any CPU
		{8AC281E4-F176-4A22-B01E-032D986C7541}.Release|Any CPU.Build.0 = Release|Any CPU
		{821CAD5B-6999-482B-BCC3-F35A9F969DB9}.Debug|Any CPU.ActiveCfg = Debug|Any CPU
		{821CAD5B-6999-482B-BCC3-F35A9F969DB9}.Debug|Any CPU.Build.0 = Debug|Any CPU
		{821CAD5B-6999-482B-BCC3-F35A9F969DB9}.Release|Any CPU.ActiveCfg = Release|Any CPU
		{821CAD5B-6999-482B-BCC3-F35A9F969DB9}.Release|Any CPU.Build.0 = Release|Any CPU
		{0A06A278-037E-48E9-A976-18A1D9273E64}.Debug|Any CPU.ActiveCfg = Debug|Any CPU
		{0A06A278-037E-48E9-A976-18A1D9273E64}.Debug|Any CPU.Build.0 = Debug|Any CPU
		{0A06A278-037E-48E9-A976-18A1D9273E64}.Release|Any CPU.ActiveCfg = Release|Any CPU
		{0A06A278-037E-48E9-A976-18A1D9273E64}.Release|Any CPU.Build.0 = Release|Any CPU
		{8AAECF27-C6C5-40C1-818F-A3C660CAD743}.Debug|Any CPU.ActiveCfg = Debug|Any CPU
		{8AAECF27-C6C5-40C1-818F-A3C660CAD743}.Debug|Any CPU.Build.0 = Debug|Any CPU
		{8AAECF27-C6C5-40C1-818F-A3C660CAD743}.Release|Any CPU.ActiveCfg = Release|Any CPU
		{8AAECF27-C6C5-40C1-818F-A3C660CAD743}.Release|Any CPU.Build.0 = Release|Any CPU
		{89870F25-1707-4539-A23E-D3D15C803344}.Debug|Any CPU.ActiveCfg = Debug|Any CPU
		{89870F25-1707-4539-A23E-D3D15C803344}.Debug|Any CPU.Build.0 = Debug|Any CPU
		{89870F25-1707-4539-A23E-D3D15C803344}.Release|Any CPU.ActiveCfg = Release|Any CPU
		{89870F25-1707-4539-A23E-D3D15C803344}.Release|Any CPU.Build.0 = Release|Any CPU
		{108023A0-A1DD-448F-AB9D-EF8D2B791B15}.Debug|Any CPU.ActiveCfg = Debug|Any CPU
		{108023A0-A1DD-448F-AB9D-EF8D2B791B15}.Debug|Any CPU.Build.0 = Debug|Any CPU
		{108023A0-A1DD-448F-AB9D-EF8D2B791B15}.Release|Any CPU.ActiveCfg = Release|Any CPU
		{108023A0-A1DD-448F-AB9D-EF8D2B791B15}.Release|Any CPU.Build.0 = Release|Any CPU
		{FFA71F9B-7E1C-4A7F-A4DF-3C4928726F20}.Debug|Any CPU.ActiveCfg = Debug|Any CPU
		{FFA71F9B-7E1C-4A7F-A4DF-3C4928726F20}.Debug|Any CPU.Build.0 = Debug|Any CPU
		{FFA71F9B-7E1C-4A7F-A4DF-3C4928726F20}.Release|Any CPU.ActiveCfg = Release|Any CPU
		{FFA71F9B-7E1C-4A7F-A4DF-3C4928726F20}.Release|Any CPU.Build.0 = Release|Any CPU
		{BB0A8028-0486-45E4-900D-D94B9DC6CC90}.Debug|Any CPU.ActiveCfg = Debug|Any CPU
		{BB0A8028-0486-45E4-900D-D94B9DC6CC90}.Debug|Any CPU.Build.0 = Debug|Any CPU
		{BB0A8028-0486-45E4-900D-D94B9DC6CC90}.Release|Any CPU.ActiveCfg = Release|Any CPU
		{BB0A8028-0486-45E4-900D-D94B9DC6CC90}.Release|Any CPU.Build.0 = Release|Any CPU
		{B1A7787D-0726-43BE-A046-6CE3A3CAFE9F}.Debug|Any CPU.ActiveCfg = Debug|Any CPU
		{B1A7787D-0726-43BE-A046-6CE3A3CAFE9F}.Debug|Any CPU.Build.0 = Debug|Any CPU
		{B1A7787D-0726-43BE-A046-6CE3A3CAFE9F}.Release|Any CPU.ActiveCfg = Release|Any CPU
		{B1A7787D-0726-43BE-A046-6CE3A3CAFE9F}.Release|Any CPU.Build.0 = Release|Any CPU
	EndGlobalSection
	GlobalSection(SolutionProperties) = preSolution
		HideSolutionNode = FALSE
	EndGlobalSection
	GlobalSection(NestedProjects) = preSolution
		{8AC281E4-F176-4A22-B01E-032D986C7541} = {3BA1B198-5E5D-4215-A041-C16EF16D6B5B}
		{821CAD5B-6999-482B-BCC3-F35A9F969DB9} = {3BA1B198-5E5D-4215-A041-C16EF16D6B5B}
		{0A06A278-037E-48E9-A976-18A1D9273E64} = {3BA1B198-5E5D-4215-A041-C16EF16D6B5B}
		{8AAECF27-C6C5-40C1-818F-A3C660CAD743} = {3BA1B198-5E5D-4215-A041-C16EF16D6B5B}
		{89870F25-1707-4539-A23E-D3D15C803344} = {3BA1B198-5E5D-4215-A041-C16EF16D6B5B}
		{108023A0-A1DD-448F-AB9D-EF8D2B791B15} = {3BA1B198-5E5D-4215-A041-C16EF16D6B5B}
		{FFA71F9B-7E1C-4A7F-A4DF-3C4928726F20} = {3BA1B198-5E5D-4215-A041-C16EF16D6B5B}
		{BB0A8028-0486-45E4-900D-D94B9DC6CC90} = {0216D09D-CD4F-499F-AC88-ECF45DB01B91}
		{B1A7787D-0726-43BE-A046-6CE3A3CAFE9F} = {0216D09D-CD4F-499F-AC88-ECF45DB01B91}
	EndGlobalSection
	GlobalSection(ExtensibilityGlobals) = postSolution
		SolutionGuid = {2D186B77-8D3F-4CF2-B02D-52C4518C33D4}
	EndGlobalSection
EndGlobal
